
Microsoft Visual Studio Solution File, Format Version 12.00
# Visual Studio 15
VisualStudioVersion = 15.0.28307.852
MinimumVisualStudioVersion = 10.0.40219.1
Project("{FAE04EC0-301F-11D3-BF4B-00C04F79EFBC}") = "AppIMC.Android", "AppIMC\AppIMC.Android\AppIMC.Android.csproj", "{7E2931B2-5F40-4D00-B8DB-433C9EE45F7B}"
EndProject
Project("{FAE04EC0-301F-11D3-BF4B-00C04F79EFBC}") = "AppIMC.iOS", "AppIMC\AppIMC.iOS\AppIMC.iOS.csproj", "{9E16C47D-5185-4897-988E-B3047B91731C}"
EndProject
Project("{FAE04EC0-301F-11D3-BF4B-00C04F79EFBC}") = "AppIMC.UWP", "AppIMC\AppIMC.UWP\AppIMC.UWP.csproj", "{D2122BDD-B74D-4959-92E4-B6E70780D6F2}"
EndProject
Project("{FAE04EC0-301F-11D3-BF4B-00C04F79EFBC}") = "AppIMC", "AppIMC\AppIMC\AppIMC.csproj", "{62CA36E2-6B91-4762-9541-4E1998611431}"
EndProject
Global
	GlobalSection(SolutionConfigurationPlatforms) = preSolution
		Ad-Hoc|Any CPU = Ad-Hoc|Any CPU
		Ad-Hoc|ARM = Ad-Hoc|ARM
		Ad-Hoc|iPhone = Ad-Hoc|iPhone
		Ad-Hoc|iPhoneSimulator = Ad-Hoc|iPhoneSimulator
		Ad-Hoc|x64 = Ad-Hoc|x64
		Ad-Hoc|x86 = Ad-Hoc|x86
		AppStore|Any CPU = AppStore|Any CPU
		AppStore|ARM = AppStore|ARM
		AppStore|iPhone = AppStore|iPhone
		AppStore|iPhoneSimulator = AppStore|iPhoneSimulator
		AppStore|x64 = AppStore|x64
		AppStore|x86 = AppStore|x86
		Debug|Any CPU = Debug|Any CPU
		Debug|ARM = Debug|ARM
		Debug|iPhone = Debug|iPhone
		Debug|iPhoneSimulator = Debug|iPhoneSimulator
		Debug|x64 = Debug|x64
		Debug|x86 = Debug|x86
		Release|Any CPU = Release|Any CPU
		Release|ARM = Release|ARM
		Release|iPhone = Release|iPhone
		Release|iPhoneSimulator = Release|iPhoneSimulator
		Release|x64 = Release|x64
		Release|x86 = Release|x86
	EndGlobalSection
	GlobalSection(ProjectConfigurationPlatforms) = postSolution
		{7E2931B2-5F40-4D00-B8DB-433C9EE45F7B}.Ad-Hoc|Any CPU.ActiveCfg = Release|Any CPU
		{7E2931B2-5F40-4D00-B8DB-433C9EE45F7B}.Ad-Hoc|Any CPU.Build.0 = Release|Any CPU
		{7E2931B2-5F40-4D00-B8DB-433C9EE45F7B}.Ad-Hoc|Any CPU.Deploy.0 = Release|Any CPU
		{7E2931B2-5F40-4D00-B8DB-433C9EE45F7B}.Ad-Hoc|ARM.ActiveCfg = Release|Any CPU
		{7E2931B2-5F40-4D00-B8DB-433C9EE45F7B}.Ad-Hoc|ARM.Build.0 = Release|Any CPU
		{7E2931B2-5F40-4D00-B8DB-433C9EE45F7B}.Ad-Hoc|ARM.Deploy.0 = Release|Any CPU
		{7E2931B2-5F40-4D00-B8DB-433C9EE45F7B}.Ad-Hoc|iPhone.ActiveCfg = Release|Any CPU
		{7E2931B2-5F40-4D00-B8DB-433C9EE45F7B}.Ad-Hoc|iPhone.Build.0 = Release|Any CPU
		{7E2931B2-5F40-4D00-B8DB-433C9EE45F7B}.Ad-Hoc|iPhone.Deploy.0 = Release|Any CPU
		{7E2931B2-5F40-4D00-B8DB-433C9EE45F7B}.Ad-Hoc|iPhoneSimulator.ActiveCfg = Release|Any CPU
		{7E2931B2-5F40-4D00-B8DB-433C9EE45F7B}.Ad-Hoc|iPhoneSimulator.Build.0 = Release|Any CPU
		{7E2931B2-5F40-4D00-B8DB-433C9EE45F7B}.Ad-Hoc|iPhoneSimulator.Deploy.0 = Release|Any CPU
		{7E2931B2-5F40-4D00-B8DB-433C9EE45F7B}.Ad-Hoc|x64.ActiveCfg = Release|Any CPU
		{7E2931B2-5F40-4D00-B8DB-433C9EE45F7B}.Ad-Hoc|x64.Build.0 = Release|Any CPU
		{7E2931B2-5F40-4D00-B8DB-433C9EE45F7B}.Ad-Hoc|x64.Deploy.0 = Release|Any CPU
		{7E2931B2-5F40-4D00-B8DB-433C9EE45F7B}.Ad-Hoc|x86.ActiveCfg = Release|Any CPU
		{7E2931B2-5F40-4D00-B8DB-433C9EE45F7B}.Ad-Hoc|x86.Build.0 = Release|Any CPU
		{7E2931B2-5F40-4D00-B8DB-433C9EE45F7B}.Ad-Hoc|x86.Deploy.0 = Release|Any CPU
		{7E2931B2-5F40-4D00-B8DB-433C9EE45F7B}.AppStore|Any CPU.ActiveCfg = Release|Any CPU
		{7E2931B2-5F40-4D00-B8DB-433C9EE45F7B}.AppStore|Any CPU.Build.0 = Release|Any CPU
		{7E2931B2-5F40-4D00-B8DB-433C9EE45F7B}.AppStore|Any CPU.Deploy.0 = Release|Any CPU
		{7E2931B2-5F40-4D00-B8DB-433C9EE45F7B}.AppStore|ARM.ActiveCfg = Release|Any CPU
		{7E2931B2-5F40-4D00-B8DB-433C9EE45F7B}.AppStore|ARM.Build.0 = Release|Any CPU
		{7E2931B2-5F40-4D00-B8DB-433C9EE45F7B}.AppStore|ARM.Deploy.0 = Release|Any CPU
		{7E2931B2-5F40-4D00-B8DB-433C9EE45F7B}.AppStore|iPhone.ActiveCfg = Release|Any CPU
		{7E2931B2-5F40-4D00-B8DB-433C9EE45F7B}.AppStore|iPhone.Build.0 = Release|Any CPU
		{7E2931B2-5F40-4D00-B8DB-433C9EE45F7B}.AppStore|iPhone.Deploy.0 = Release|Any CPU
		{7E2931B2-5F40-4D00-B8DB-433C9EE45F7B}.AppStore|iPhoneSimulator.ActiveCfg = Release|Any CPU
		{7E2931B2-5F40-4D00-B8DB-433C9EE45F7B}.AppStore|iPhoneSimulator.Build.0 = Release|Any CPU
		{7E2931B2-5F40-4D00-B8DB-433C9EE45F7B}.AppStore|iPhoneSimulator.Deploy.0 = Release|Any CPU
		{7E2931B2-5F40-4D00-B8DB-433C9EE45F7B}.AppStore|x64.ActiveCfg = Release|Any CPU
		{7E2931B2-5F40-4D00-B8DB-433C9EE45F7B}.AppStore|x64.Build.0 = Release|Any CPU
		{7E2931B2-5F40-4D00-B8DB-433C9EE45F7B}.AppStore|x64.Deploy.0 = Release|Any CPU
		{7E2931B2-5F40-4D00-B8DB-433C9EE45F7B}.AppStore|x86.ActiveCfg = Release|Any CPU
		{7E2931B2-5F40-4D00-B8DB-433C9EE45F7B}.AppStore|x86.Build.0 = Release|Any CPU
		{7E2931B2-5F40-4D00-B8DB-433C9EE45F7B}.AppStore|x86.Deploy.0 = Release|Any CPU
		{7E2931B2-5F40-4D00-B8DB-433C9EE45F7B}.Debug|Any CPU.ActiveCfg = Debug|Any CPU
		{7E2931B2-5F40-4D00-B8DB-433C9EE45F7B}.Debug|Any CPU.Build.0 = Debug|Any CPU
		{7E2931B2-5F40-4D00-B8DB-433C9EE45F7B}.Debug|Any CPU.Deploy.0 = Debug|Any CPU
		{7E2931B2-5F40-4D00-B8DB-433C9EE45F7B}.Debug|ARM.ActiveCfg = Debug|Any CPU
		{7E2931B2-5F40-4D00-B8DB-433C9EE45F7B}.Debug|ARM.Build.0 = Debug|Any CPU
		{7E2931B2-5F40-4D00-B8DB-433C9EE45F7B}.Debug|ARM.Deploy.0 = Debug|Any CPU
		{7E2931B2-5F40-4D00-B8DB-433C9EE45F7B}.Debug|iPhone.ActiveCfg = Debug|Any CPU
		{7E2931B2-5F40-4D00-B8DB-433C9EE45F7B}.Debug|iPhone.Build.0 = Debug|Any CPU
		{7E2931B2-5F40-4D00-B8DB-433C9EE45F7B}.Debug|iPhone.Deploy.0 = Debug|Any CPU
		{7E2931B2-5F40-4D00-B8DB-433C9EE45F7B}.Debug|iPhoneSimulator.ActiveCfg = Debug|Any CPU
		{7E2931B2-5F40-4D00-B8DB-433C9EE45F7B}.Debug|iPhoneSimulator.Build.0 = Debug|Any CPU
		{7E2931B2-5F40-4D00-B8DB-433C9EE45F7B}.Debug|iPhoneSimulator.Deploy.0 = Debug|Any CPU
		{7E2931B2-5F40-4D00-B8DB-433C9EE45F7B}.Debug|x64.ActiveCfg = Debug|Any CPU
		{7E2931B2-5F40-4D00-B8DB-433C9EE45F7B}.Debug|x64.Build.0 = Debug|Any CPU
		{7E2931B2-5F40-4D00-B8DB-433C9EE45F7B}.Debug|x64.Deploy.0 = Debug|Any CPU
		{7E2931B2-5F40-4D00-B8DB-433C9EE45F7B}.Debug|x86.ActiveCfg = Debug|Any CPU
		{7E2931B2-5F40-4D00-B8DB-433C9EE45F7B}.Debug|x86.Build.0 = Debug|Any CPU
		{7E2931B2-5F40-4D00-B8DB-433C9EE45F7B}.Debug|x86.Deploy.0 = Debug|Any CPU
		{7E2931B2-5F40-4D00-B8DB-433C9EE45F7B}.Release|Any CPU.ActiveCfg = Release|Any CPU
		{7E2931B2-5F40-4D00-B8DB-433C9EE45F7B}.Release|Any CPU.Build.0 = Release|Any CPU
		{7E2931B2-5F40-4D00-B8DB-433C9EE45F7B}.Release|Any CPU.Deploy.0 = Release|Any CPU
		{7E2931B2-5F40-4D00-B8DB-433C9EE45F7B}.Release|ARM.ActiveCfg = Release|Any CPU
		{7E2931B2-5F40-4D00-B8DB-433C9EE45F7B}.Release|ARM.Build.0 = Release|Any CPU
		{7E2931B2-5F40-4D00-B8DB-433C9EE45F7B}.Release|ARM.Deploy.0 = Release|Any CPU
		{7E2931B2-5F40-4D00-B8DB-433C9EE45F7B}.Release|iPhone.ActiveCfg = Release|Any CPU
		{7E2931B2-5F40-4D00-B8DB-433C9EE45F7B}.Release|iPhone.Build.0 = Release|Any CPU
		{7E2931B2-5F40-4D00-B8DB-433C9EE45F7B}.Release|iPhone.Deploy.0 = Release|Any CPU
		{7E2931B2-5F40-4D00-B8DB-433C9EE45F7B}.Release|iPhoneSimulator.ActiveCfg = Release|Any CPU
		{7E2931B2-5F40-4D00-B8DB-433C9EE45F7B}.Release|iPhoneSimulator.Build.0 = Release|Any CPU
		{7E2931B2-5F40-4D00-B8DB-433C9EE45F7B}.Release|iPhoneSimulator.Deploy.0 = Release|Any CPU
		{7E2931B2-5F40-4D00-B8DB-433C9EE45F7B}.Release|x64.ActiveCfg = Release|Any CPU
		{7E2931B2-5F40-4D00-B8DB-433C9EE45F7B}.Release|x64.Build.0 = Release|Any CPU
		{7E2931B2-5F40-4D00-B8DB-433C9EE45F7B}.Release|x64.Deploy.0 = Release|Any CPU
		{7E2931B2-5F40-4D00-B8DB-433C9EE45F7B}.Release|x86.ActiveCfg = Release|Any CPU
		{7E2931B2-5F40-4D00-B8DB-433C9EE45F7B}.Release|x86.Build.0 = Release|Any CPU
		{7E2931B2-5F40-4D00-B8DB-433C9EE45F7B}.Release|x86.Deploy.0 = Release|Any CPU
		{9E16C47D-5185-4897-988E-B3047B91731C}.Ad-Hoc|Any CPU.ActiveCfg = Ad-Hoc|iPhone
		{9E16C47D-5185-4897-988E-B3047B91731C}.Ad-Hoc|Any CPU.Build.0 = Ad-Hoc|iPhone
		{9E16C47D-5185-4897-988E-B3047B91731C}.Ad-Hoc|Any CPU.Deploy.0 = Ad-Hoc|iPhone
		{9E16C47D-5185-4897-988E-B3047B91731C}.Ad-Hoc|ARM.ActiveCfg = Ad-Hoc|iPhone
		{9E16C47D-5185-4897-988E-B3047B91731C}.Ad-Hoc|ARM.Build.0 = Ad-Hoc|iPhone
		{9E16C47D-5185-4897-988E-B3047B91731C}.Ad-Hoc|ARM.Deploy.0 = Ad-Hoc|iPhone
		{9E16C47D-5185-4897-988E-B3047B91731C}.Ad-Hoc|iPhone.ActiveCfg = Ad-Hoc|iPhone
		{9E16C47D-5185-4897-988E-B3047B91731C}.Ad-Hoc|iPhone.Build.0 = Ad-Hoc|iPhone
		{9E16C47D-5185-4897-988E-B3047B91731C}.Ad-Hoc|iPhone.Deploy.0 = Ad-Hoc|iPhone
		{9E16C47D-5185-4897-988E-B3047B91731C}.Ad-Hoc|iPhoneSimulator.ActiveCfg = Ad-Hoc|iPhoneSimulator
		{9E16C47D-5185-4897-988E-B3047B91731C}.Ad-Hoc|iPhoneSimulator.Build.0 = Ad-Hoc|iPhoneSimulator
		{9E16C47D-5185-4897-988E-B3047B91731C}.Ad-Hoc|iPhoneSimulator.Deploy.0 = Ad-Hoc|iPhoneSimulator
		{9E16C47D-5185-4897-988E-B3047B91731C}.Ad-Hoc|x64.ActiveCfg = Ad-Hoc|iPhone
		{9E16C47D-5185-4897-988E-B3047B91731C}.Ad-Hoc|x64.Build.0 = Ad-Hoc|iPhone
		{9E16C47D-5185-4897-988E-B3047B91731C}.Ad-Hoc|x64.Deploy.0 = Ad-Hoc|iPhone
		{9E16C47D-5185-4897-988E-B3047B91731C}.Ad-Hoc|x86.ActiveCfg = Ad-Hoc|iPhone
		{9E16C47D-5185-4897-988E-B3047B91731C}.Ad-Hoc|x86.Build.0 = Ad-Hoc|iPhone
		{9E16C47D-5185-4897-988E-B3047B91731C}.Ad-Hoc|x86.Deploy.0 = Ad-Hoc|iPhone
		{9E16C47D-5185-4897-988E-B3047B91731C}.AppStore|Any CPU.ActiveCfg = AppStore|iPhone
		{9E16C47D-5185-4897-988E-B3047B91731C}.AppStore|Any CPU.Build.0 = AppStore|iPhone
		{9E16C47D-5185-4897-988E-B3047B91731C}.AppStore|Any CPU.Deploy.0 = AppStore|iPhone
		{9E16C47D-5185-4897-988E-B3047B91731C}.AppStore|ARM.ActiveCfg = AppStore|iPhone
		{9E16C47D-5185-4897-988E-B3047B91731C}.AppStore|ARM.Build.0 = AppStore|iPhone
		{9E16C47D-5185-4897-988E-B3047B91731C}.AppStore|ARM.Deploy.0 = AppStore|iPhone
		{9E16C47D-5185-4897-988E-B3047B91731C}.AppStore|iPhone.ActiveCfg = AppStore|iPhone
		{9E16C47D-5185-4897-988E-B3047B91731C}.AppStore|iPhone.Build.0 = AppStore|iPhone
		{9E16C47D-5185-4897-988E-B3047B91731C}.AppStore|iPhone.Deploy.0 = AppStore|iPhone
		{9E16C47D-5185-4897-988E-B3047B91731C}.AppStore|iPhoneSimulator.ActiveCfg = AppStore|iPhoneSimulator
		{9E16C47D-5185-4897-988E-B3047B91731C}.AppStore|iPhoneSimulator.Build.0 = AppStore|iPhoneSimulator
		{9E16C47D-5185-4897-988E-B3047B91731C}.AppStore|iPhoneSimulator.Deploy.0 = AppStore|iPhoneSimulator
		{9E16C47D-5185-4897-988E-B3047B91731C}.AppStore|x64.ActiveCfg = AppStore|iPhone
		{9E16C47D-5185-4897-988E-B3047B91731C}.AppStore|x64.Build.0 = AppStore|iPhone
		{9E16C47D-5185-4897-988E-B3047B91731C}.AppStore|x64.Deploy.0 = AppStore|iPhone
		{9E16C47D-5185-4897-988E-B3047B91731C}.AppStore|x86.ActiveCfg = AppStore|iPhone
		{9E16C47D-5185-4897-988E-B3047B91731C}.AppStore|x86.Build.0 = AppStore|iPhone
		{9E16C47D-5185-4897-988E-B3047B91731C}.AppStore|x86.Deploy.0 = AppStore|iPhone
		{9E16C47D-5185-4897-988E-B3047B91731C}.Debug|Any CPU.ActiveCfg = Debug|iPhoneSimulator
		{9E16C47D-5185-4897-988E-B3047B91731C}.Debug|Any CPU.Build.0 = Debug|iPhoneSimulator
		{9E16C47D-5185-4897-988E-B3047B91731C}.Debug|Any CPU.Deploy.0 = Debug|iPhoneSimulator
		{9E16C47D-5185-4897-988E-B3047B91731C}.Debug|ARM.ActiveCfg = Debug|iPhone
		{9E16C47D-5185-4897-988E-B3047B91731C}.Debug|ARM.Build.0 = Debug|iPhone
		{9E16C47D-5185-4897-988E-B3047B91731C}.Debug|ARM.Deploy.0 = Debug|iPhone
		{9E16C47D-5185-4897-988E-B3047B91731C}.Debug|iPhone.ActiveCfg = Debug|iPhone
		{9E16C47D-5185-4897-988E-B3047B91731C}.Debug|iPhone.Build.0 = Debug|iPhone
		{9E16C47D-5185-4897-988E-B3047B91731C}.Debug|iPhone.Deploy.0 = Debug|iPhone
		{9E16C47D-5185-4897-988E-B3047B91731C}.Debug|iPhoneSimulator.ActiveCfg = Debug|iPhoneSimulator
		{9E16C47D-5185-4897-988E-B3047B91731C}.Debug|iPhoneSimulator.Build.0 = Debug|iPhoneSimulator
		{9E16C47D-5185-4897-988E-B3047B91731C}.Debug|iPhoneSimulator.Deploy.0 = Debug|iPhoneSimulator
		{9E16C47D-5185-4897-988E-B3047B91731C}.Debug|x64.ActiveCfg = Debug|iPhone
		{9E16C47D-5185-4897-988E-B3047B91731C}.Debug|x64.Build.0 = Debug|iPhone
		{9E16C47D-5185-4897-988E-B3047B91731C}.Debug|x64.Deploy.0 = Debug|iPhone
		{9E16C47D-5185-4897-988E-B3047B91731C}.Debug|x86.ActiveCfg = Debug|iPhone
		{9E16C47D-5185-4897-988E-B3047B91731C}.Debug|x86.Build.0 = Debug|iPhone
		{9E16C47D-5185-4897-988E-B3047B91731C}.Debug|x86.Deploy.0 = Debug|iPhone
		{9E16C47D-5185-4897-988E-B3047B91731C}.Release|Any CPU.ActiveCfg = Release|iPhone
		{9E16C47D-5185-4897-988E-B3047B91731C}.Release|Any CPU.Build.0 = Release|iPhone
		{9E16C47D-5185-4897-988E-B3047B91731C}.Release|Any CPU.Deploy.0 = Release|iPhone
		{9E16C47D-5185-4897-988E-B3047B91731C}.Release|ARM.ActiveCfg = Release|iPhone
		{9E16C47D-5185-4897-988E-B3047B91731C}.Release|ARM.Build.0 = Release|iPhone
		{9E16C47D-5185-4897-988E-B3047B91731C}.Release|ARM.Deploy.0 = Release|iPhone
		{9E16C47D-5185-4897-988E-B3047B91731C}.Release|iPhone.ActiveCfg = Release|iPhone
		{9E16C47D-5185-4897-988E-B3047B91731C}.Release|iPhone.Build.0 = Release|iPhone
		{9E16C47D-5185-4897-988E-B3047B91731C}.Release|iPhone.Deploy.0 = Release|iPhone
		{9E16C47D-5185-4897-988E-B3047B91731C}.Release|iPhoneSimulator.ActiveCfg = Release|iPhoneSimulator
		{9E16C47D-5185-4897-988E-B3047B91731C}.Release|iPhoneSimulator.Build.0 = Release|iPhoneSimulator
		{9E16C47D-5185-4897-988E-B3047B91731C}.Release|iPhoneSimulator.Deploy.0 = Release|iPhoneSimulator
		{9E16C47D-5185-4897-988E-B3047B91731C}.Release|x64.ActiveCfg = Release|iPhone
		{9E16C47D-5185-4897-988E-B3047B91731C}.Release|x64.Build.0 = Release|iPhone
		{9E16C47D-5185-4897-988E-B3047B91731C}.Release|x64.Deploy.0 = Release|iPhone
		{9E16C47D-5185-4897-988E-B3047B91731C}.Release|x86.ActiveCfg = Release|iPhone
		{9E16C47D-5185-4897-988E-B3047B91731C}.Release|x86.Build.0 = Release|iPhone
		{9E16C47D-5185-4897-988E-B3047B91731C}.Release|x86.Deploy.0 = Release|iPhone
		{D2122BDD-B74D-4959-92E4-B6E70780D6F2}.Ad-Hoc|Any CPU.ActiveCfg = Release|x86
		{D2122BDD-B74D-4959-92E4-B6E70780D6F2}.Ad-Hoc|Any CPU.Build.0 = Release|x86
		{D2122BDD-B74D-4959-92E4-B6E70780D6F2}.Ad-Hoc|Any CPU.Deploy.0 = Release|x86
		{D2122BDD-B74D-4959-92E4-B6E70780D6F2}.Ad-Hoc|ARM.ActiveCfg = Release|ARM
		{D2122BDD-B74D-4959-92E4-B6E70780D6F2}.Ad-Hoc|ARM.Build.0 = Release|ARM
		{D2122BDD-B74D-4959-92E4-B6E70780D6F2}.Ad-Hoc|ARM.Deploy.0 = Release|ARM
		{D2122BDD-B74D-4959-92E4-B6E70780D6F2}.Ad-Hoc|iPhone.ActiveCfg = Release|x86
		{D2122BDD-B74D-4959-92E4-B6E70780D6F2}.Ad-Hoc|iPhone.Build.0 = Release|x86
		{D2122BDD-B74D-4959-92E4-B6E70780D6F2}.Ad-Hoc|iPhone.Deploy.0 = Release|x86
		{D2122BDD-B74D-4959-92E4-B6E70780D6F2}.Ad-Hoc|iPhoneSimulator.ActiveCfg = Release|x86
		{D2122BDD-B74D-4959-92E4-B6E70780D6F2}.Ad-Hoc|iPhoneSimulator.Build.0 = Release|x86
		{D2122BDD-B74D-4959-92E4-B6E70780D6F2}.Ad-Hoc|iPhoneSimulator.Deploy.0 = Release|x86
		{D2122BDD-B74D-4959-92E4-B6E70780D6F2}.Ad-Hoc|x64.ActiveCfg = Release|x64
		{D2122BDD-B74D-4959-92E4-B6E70780D6F2}.Ad-Hoc|x64.Build.0 = Release|x64
		{D2122BDD-B74D-4959-92E4-B6E70780D6F2}.Ad-Hoc|x64.Deploy.0 = Release|x64
		{D2122BDD-B74D-4959-92E4-B6E70780D6F2}.Ad-Hoc|x86.ActiveCfg = Release|x86
		{D2122BDD-B74D-4959-92E4-B6E70780D6F2}.Ad-Hoc|x86.Build.0 = Release|x86
		{D2122BDD-B74D-4959-92E4-B6E70780D6F2}.Ad-Hoc|x86.Deploy.0 = Release|x86
		{D2122BDD-B74D-4959-92E4-B6E70780D6F2}.AppStore|Any CPU.ActiveCfg = Release|x86
		{D2122BDD-B74D-4959-92E4-B6E70780D6F2}.AppStore|Any CPU.Build.0 = Release|x86
		{D2122BDD-B74D-4959-92E4-B6E70780D6F2}.AppStore|Any CPU.Deploy.0 = Release|x86
		{D2122BDD-B74D-4959-92E4-B6E70780D6F2}.AppStore|ARM.ActiveCfg = Release|ARM
		{D2122BDD-B74D-4959-92E4-B6E70780D6F2}.AppStore|ARM.Build.0 = Release|ARM
		{D2122BDD-B74D-4959-92E4-B6E70780D6F2}.AppStore|ARM.Deploy.0 = Release|ARM
		{D2122BDD-B74D-4959-92E4-B6E70780D6F2}.AppStore|iPhone.ActiveCfg = Release|x86
		{D2122BDD-B74D-4959-92E4-B6E70780D6F2}.AppStore|iPhone.Build.0 = Release|x86
		{D2122BDD-B74D-4959-92E4-B6E70780D6F2}.AppStore|iPhone.Deploy.0 = Release|x86
		{D2122BDD-B74D-4959-92E4-B6E70780D6F2}.AppStore|iPhoneSimulator.ActiveCfg = Release|x86
		{D2122BDD-B74D-4959-92E4-B6E70780D6F2}.AppStore|iPhoneSimulator.Build.0 = Release|x86
		{D2122BDD-B74D-4959-92E4-B6E70780D6F2}.AppStore|iPhoneSimulator.Deploy.0 = Release|x86
		{D2122BDD-B74D-4959-92E4-B6E70780D6F2}.AppStore|x64.ActiveCfg = Release|x64
		{D2122BDD-B74D-4959-92E4-B6E70780D6F2}.AppStore|x64.Build.0 = Release|x64
		{D2122BDD-B74D-4959-92E4-B6E70780D6F2}.AppStore|x64.Deploy.0 = Release|x64
		{D2122BDD-B74D-4959-92E4-B6E70780D6F2}.AppStore|x86.ActiveCfg = Release|x86
		{D2122BDD-B74D-4959-92E4-B6E70780D6F2}.AppStore|x86.Build.0 = Release|x86
		{D2122BDD-B74D-4959-92E4-B6E70780D6F2}.AppStore|x86.Deploy.0 = Release|x86
		{D2122BDD-B74D-4959-92E4-B6E70780D6F2}.Debug|Any CPU.ActiveCfg = Debug|x86
		{D2122BDD-B74D-4959-92E4-B6E70780D6F2}.Debug|Any CPU.Build.0 = Debug|x86
		{D2122BDD-B74D-4959-92E4-B6E70780D6F2}.Debug|Any CPU.Deploy.0 = Debug|x86
		{D2122BDD-B74D-4959-92E4-B6E70780D6F2}.Debug|ARM.ActiveCfg = Debug|ARM
		{D2122BDD-B74D-4959-92E4-B6E70780D6F2}.Debug|ARM.Build.0 = Debug|ARM
		{D2122BDD-B74D-4959-92E4-B6E70780D6F2}.Debug|ARM.Deploy.0 = Debug|ARM
		{D2122BDD-B74D-4959-92E4-B6E70780D6F2}.Debug|iPhone.ActiveCfg = Debug|x86
		{D2122BDD-B74D-4959-92E4-B6E70780D6F2}.Debug|iPhone.Build.0 = Debug|x86
		{D2122BDD-B74D-4959-92E4-B6E70780D6F2}.Debug|iPhone.Deploy.0 = Debug|x86
		{D2122BDD-B74D-4959-92E4-B6E70780D6F2}.Debug|iPhoneSimulator.ActiveCfg = Debug|x86
		{D2122BDD-B74D-4959-92E4-B6E70780D6F2}.Debug|iPhoneSimulator.Build.0 = Debug|x86
		{D2122BDD-B74D-4959-92E4-B6E70780D6F2}.Debug|iPhoneSimulator.Deploy.0 = Debug|x86
		{D2122BDD-B74D-4959-92E4-B6E70780D6F2}.Debug|x64.ActiveCfg = Debug|x64
		{D2122BDD-B74D-4959-92E4-B6E70780D6F2}.Debug|x64.Build.0 = Debug|x64
		{D2122BDD-B74D-4959-92E4-B6E70780D6F2}.Debug|x64.Deploy.0 = Debug|x64
		{D2122BDD-B74D-4959-92E4-B6E70780D6F2}.Debug|x86.ActiveCfg = Debug|x86
		{D2122BDD-B74D-4959-92E4-B6E70780D6F2}.Debug|x86.Build.0 = Debug|x86
		{D2122BDD-B74D-4959-92E4-B6E70780D6F2}.Debug|x86.Deploy.0 = Debug|x86
		{D2122BDD-B74D-4959-92E4-B6E70780D6F2}.Release|Any CPU.ActiveCfg = Release|x86
		{D2122BDD-B74D-4959-92E4-B6E70780D6F2}.Release|Any CPU.Build.0 = Release|x86
		{D2122BDD-B74D-4959-92E4-B6E70780D6F2}.Release|Any CPU.Deploy.0 = Release|x86
		{D2122BDD-B74D-4959-92E4-B6E70780D6F2}.Release|ARM.ActiveCfg = Release|ARM
		{D2122BDD-B74D-4959-92E4-B6E70780D6F2}.Release|ARM.Build.0 = Release|ARM
		{D2122BDD-B74D-4959-92E4-B6E70780D6F2}.Release|ARM.Deploy.0 = Release|ARM
		{D2122BDD-B74D-4959-92E4-B6E70780D6F2}.Release|iPhone.ActiveCfg = Release|x86
		{D2122BDD-B74D-4959-92E4-B6E70780D6F2}.Release|iPhone.Build.0 = Release|x86
		{D2122BDD-B74D-4959-92E4-B6E70780D6F2}.Release|iPhone.Deploy.0 = Release|x86
		{D2122BDD-B74D-4959-92E4-B6E70780D6F2}.Release|iPhoneSimulator.ActiveCfg = Release|x86
		{D2122BDD-B74D-4959-92E4-B6E70780D6F2}.Release|iPhoneSimulator.Build.0 = Release|x86
		{D2122BDD-B74D-4959-92E4-B6E70780D6F2}.Release|iPhoneSimulator.Deploy.0 = Release|x86
		{D2122BDD-B74D-4959-92E4-B6E70780D6F2}.Release|x64.ActiveCfg = Release|x64
		{D2122BDD-B74D-4959-92E4-B6E70780D6F2}.Release|x64.Build.0 = Release|x64
		{D2122BDD-B74D-4959-92E4-B6E70780D6F2}.Release|x64.Deploy.0 = Release|x64
		{D2122BDD-B74D-4959-92E4-B6E70780D6F2}.Release|x86.ActiveCfg = Release|x86
		{D2122BDD-B74D-4959-92E4-B6E70780D6F2}.Release|x86.Build.0 = Release|x86
		{D2122BDD-B74D-4959-92E4-B6E70780D6F2}.Release|x86.Deploy.0 = Release|x86
		{62CA36E2-6B91-4762-9541-4E1998611431}.Ad-Hoc|Any CPU.ActiveCfg = Debug|Any CPU
		{62CA36E2-6B91-4762-9541-4E1998611431}.Ad-Hoc|Any CPU.Build.0 = Debug|Any CPU
		{62CA36E2-6B91-4762-9541-4E1998611431}.Ad-Hoc|Any CPU.Deploy.0 = Debug|Any CPU
		{62CA36E2-6B91-4762-9541-4E1998611431}.Ad-Hoc|ARM.ActiveCfg = Debug|Any CPU
		{62CA36E2-6B91-4762-9541-4E1998611431}.Ad-Hoc|ARM.Build.0 = Debug|Any CPU
		{62CA36E2-6B91-4762-9541-4E1998611431}.Ad-Hoc|ARM.Deploy.0 = Debug|Any CPU
		{62CA36E2-6B91-4762-9541-4E1998611431}.Ad-Hoc|iPhone.ActiveCfg = Debug|Any CPU
		{62CA36E2-6B91-4762-9541-4E1998611431}.Ad-Hoc|iPhone.Build.0 = Debug|Any CPU
		{62CA36E2-6B91-4762-9541-4E1998611431}.Ad-Hoc|iPhone.Deploy.0 = Debug|Any CPU
		{62CA36E2-6B91-4762-9541-4E1998611431}.Ad-Hoc|iPhoneSimulator.ActiveCfg = Debug|Any CPU
		{62CA36E2-6B91-4762-9541-4E1998611431}.Ad-Hoc|iPhoneSimulator.Build.0 = Debug|Any CPU
		{62CA36E2-6B91-4762-9541-4E1998611431}.Ad-Hoc|iPhoneSimulator.Deploy.0 = Debug|Any CPU
		{62CA36E2-6B91-4762-9541-4E1998611431}.Ad-Hoc|x64.ActiveCfg = Debug|Any CPU
		{62CA36E2-6B91-4762-9541-4E1998611431}.Ad-Hoc|x64.Build.0 = Debug|Any CPU
		{62CA36E2-6B91-4762-9541-4E1998611431}.Ad-Hoc|x64.Deploy.0 = Debug|Any CPU
		{62CA36E2-6B91-4762-9541-4E1998611431}.Ad-Hoc|x86.ActiveCfg = Debug|Any CPU
		{62CA36E2-6B91-4762-9541-4E1998611431}.Ad-Hoc|x86.Build.0 = Debug|Any CPU
		{62CA36E2-6B91-4762-9541-4E1998611431}.Ad-Hoc|x86.Deploy.0 = Debug|Any CPU
		{62CA36E2-6B91-4762-9541-4E1998611431}.AppStore|Any CPU.ActiveCfg = Debug|Any CPU
		{62CA36E2-6B91-4762-9541-4E1998611431}.AppStore|Any CPU.Build.0 = Debug|Any CPU
		{62CA36E2-6B91-4762-9541-4E1998611431}.AppStore|Any CPU.Deploy.0 = Debug|Any CPU
		{62CA36E2-6B91-4762-9541-4E1998611431}.AppStore|ARM.ActiveCfg = Debug|Any CPU
		{62CA36E2-6B91-4762-9541-4E1998611431}.AppStore|ARM.Build.0 = Debug|Any CPU
		{62CA36E2-6B91-4762-9541-4E1998611431}.AppStore|ARM.Deploy.0 = Debug|Any CPU
		{62CA36E2-6B91-4762-9541-4E1998611431}.AppStore|iPhone.ActiveCfg = Debug|Any CPU
		{62CA36E2-6B91-4762-9541-4E1998611431}.AppStore|iPhone.Build.0 = Debug|Any CPU
		{62CA36E2-6B91-4762-9541-4E1998611431}.AppStore|iPhone.Deploy.0 = Debug|Any CPU
		{62CA36E2-6B91-4762-9541-4E1998611431}.AppStore|iPhoneSimulator.ActiveCfg = Debug|Any CPU
		{62CA36E2-6B91-4762-9541-4E1998611431}.AppStore|iPhoneSimulator.Build.0 = Debug|Any CPU
		{62CA36E2-6B91-4762-9541-4E1998611431}.AppStore|iPhoneSimulator.Deploy.0 = Debug|Any CPU
		{62CA36E2-6B91-4762-9541-4E1998611431}.AppStore|x64.ActiveCfg = Debug|Any CPU
		{62CA36E2-6B91-4762-9541-4E1998611431}.AppStore|x64.Build.0 = Debug|Any CPU
		{62CA36E2-6B91-4762-9541-4E1998611431}.AppStore|x64.Deploy.0 = Debug|Any CPU
		{62CA36E2-6B91-4762-9541-4E1998611431}.AppStore|x86.ActiveCfg = Debug|Any CPU
		{62CA36E2-6B91-4762-9541-4E1998611431}.AppStore|x86.Build.0 = Debug|Any CPU
		{62CA36E2-6B91-4762-9541-4E1998611431}.AppStore|x86.Deploy.0 = Debug|Any CPU
		{62CA36E2-6B91-4762-9541-4E1998611431}.Debug|Any CPU.ActiveCfg = Debug|Any CPU
		{62CA36E2-6B91-4762-9541-4E1998611431}.Debug|Any CPU.Build.0 = Debug|Any CPU
		{62CA36E2-6B91-4762-9541-4E1998611431}.Debug|Any CPU.Deploy.0 = Debug|Any CPU
		{62CA36E2-6B91-4762-9541-4E1998611431}.Debug|ARM.ActiveCfg = Debug|Any CPU
		{62CA36E2-6B91-4762-9541-4E1998611431}.Debug|ARM.Build.0 = Debug|Any CPU
		{62CA36E2-6B91-4762-9541-4E1998611431}.Debug|ARM.Deploy.0 = Debug|Any CPU
		{62CA36E2-6B91-4762-9541-4E1998611431}.Debug|iPhone.ActiveCfg = Debug|Any CPU
		{62CA36E2-6B91-4762-9541-4E1998611431}.Debug|iPhone.Build.0 = Debug|Any CPU
		{62CA36E2-6B91-4762-9541-4E1998611431}.Debug|iPhone.Deploy.0 = Debug|Any CPU
		{62CA36E2-6B91-4762-9541-4E1998611431}.Debug|iPhoneSimulator.ActiveCfg = Debug|Any CPU
		{62CA36E2-6B91-4762-9541-4E1998611431}.Debug|iPhoneSimulator.Build.0 = Debug|Any CPU
		{62CA36E2-6B91-4762-9541-4E1998611431}.Debug|iPhoneSimulator.Deploy.0 = Debug|Any CPU
		{62CA36E2-6B91-4762-9541-4E1998611431}.Debug|x64.ActiveCfg = Debug|Any CPU
		{62CA36E2-6B91-4762-9541-4E1998611431}.Debug|x64.Build.0 = Debug|Any CPU
		{62CA36E2-6B91-4762-9541-4E1998611431}.Debug|x64.Deploy.0 = Debug|Any CPU
		{62CA36E2-6B91-4762-9541-4E1998611431}.Debug|x86.ActiveCfg = Debug|Any CPU
		{62CA36E2-6B91-4762-9541-4E1998611431}.Debug|x86.Build.0 = Debug|Any CPU
		{62CA36E2-6B91-4762-9541-4E1998611431}.Debug|x86.Deploy.0 = Debug|Any CPU
		{62CA36E2-6B91-4762-9541-4E1998611431}.Release|Any CPU.ActiveCfg = Release|Any CPU
		{62CA36E2-6B91-4762-9541-4E1998611431}.Release|Any CPU.Build.0 = Release|Any CPU
		{62CA36E2-6B91-4762-9541-4E1998611431}.Release|Any CPU.Deploy.0 = Release|Any CPU
		{62CA36E2-6B91-4762-9541-4E1998611431}.Release|ARM.ActiveCfg = Release|Any CPU
		{62CA36E2-6B91-4762-9541-4E1998611431}.Release|ARM.Build.0 = Release|Any CPU
		{62CA36E2-6B91-4762-9541-4E1998611431}.Release|ARM.Deploy.0 = Release|Any CPU
		{62CA36E2-6B91-4762-9541-4E1998611431}.Release|iPhone.ActiveCfg = Release|Any CPU
		{62CA36E2-6B91-4762-9541-4E1998611431}.Release|iPhone.Build.0 = Release|Any CPU
		{62CA36E2-6B91-4762-9541-4E1998611431}.Release|iPhone.Deploy.0 = Release|Any CPU
		{62CA36E2-6B91-4762-9541-4E1998611431}.Release|iPhoneSimulator.ActiveCfg = Release|Any CPU
		{62CA36E2-6B91-4762-9541-4E1998611431}.Release|iPhoneSimulator.Build.0 = Release|Any CPU
		{62CA36E2-6B91-4762-9541-4E1998611431}.Release|iPhoneSimulator.Deploy.0 = Release|Any CPU
		{62CA36E2-6B91-4762-9541-4E1998611431}.Release|x64.ActiveCfg = Release|Any CPU
		{62CA36E2-6B91-4762-9541-4E1998611431}.Release|x64.Build.0 = Release|Any CPU
		{62CA36E2-6B91-4762-9541-4E1998611431}.Release|x64.Deploy.0 = Release|Any CPU
		{62CA36E2-6B91-4762-9541-4E1998611431}.Release|x86.ActiveCfg = Release|Any CPU
		{62CA36E2-6B91-4762-9541-4E1998611431}.Release|x86.Build.0 = Release|Any CPU
		{62CA36E2-6B91-4762-9541-4E1998611431}.Release|x86.Deploy.0 = Release|Any CPU
	EndGlobalSection
	GlobalSection(SolutionProperties) = preSolution
		HideSolutionNode = FALSE
	EndGlobalSection
	GlobalSection(ExtensibilityGlobals) = postSolution
		SolutionGuid = {90BA427C-FDE5-468B-9984-20CEF5DB22BC}
	EndGlobalSection
EndGlobal
